
Microsoft Visual Studio Solution File, Format Version 12.00
# Visual Studio 15
VisualStudioVersion = 15.0.26228.4
MinimumVisualStudioVersion = 10.0.40219.1
Project("{FAE04EC0-301F-11D3-BF4B-00C04F79EFBC}") = "DAL", "DAL\DAL.csproj", "{57056057-69F7-4F22-9EAE-BFFFDF06206B}"
EndProject
Project("{FAE04EC0-301F-11D3-BF4B-00C04F79EFBC}") = "BLL", "BLL\BLL.csproj", "{820B63F6-190D-4B7F-B881-3E0618F75051}"
EndProject
Project("{FAE04EC0-301F-11D3-BF4B-00C04F79EFBC}") = "WPF_UI", "WPF_UI\WPF_UI.csproj", "{58C8FA3E-7DFC-4D78-BF52-93AF92A9D40D}"
EndProject
Project("{FAE04EC0-301F-11D3-BF4B-00C04F79EFBC}") = "WcfBookShopService", "WcfBookShopService\WcfBookShopService.csproj", "{9ABB40F7-B4A1-416A-9BA3-7340A35D0981}"
EndProject
Project("{FAE04EC0-301F-11D3-BF4B-00C04F79EFBC}") = "WpfAdmin", "WpfAdmin\WpfAdmin.csproj", "{6FF274DE-67B2-4DE5-9A3D-10CBDF902E67}"
EndProject
Global
	GlobalSection(SolutionConfigurationPlatforms) = preSolution
		Debug|Any CPU = Debug|Any CPU
		Release|Any CPU = Release|Any CPU
	EndGlobalSection
	GlobalSection(ProjectConfigurationPlatforms) = postSolution
		{57056057-69F7-4F22-9EAE-BFFFDF06206B}.Debug|Any CPU.ActiveCfg = Debug|Any CPU
		{57056057-69F7-4F22-9EAE-BFFFDF06206B}.Debug|Any CPU.Build.0 = Debug|Any CPU
		{57056057-69F7-4F22-9EAE-BFFFDF06206B}.Release|Any CPU.ActiveCfg = Release|Any CPU
		{57056057-69F7-4F22-9EAE-BFFFDF06206B}.Release|Any CPU.Build.0 = Release|Any CPU
		{820B63F6-190D-4B7F-B881-3E0618F75051}.Debug|Any CPU.ActiveCfg = Debug|Any CPU
		{820B63F6-190D-4B7F-B881-3E0618F75051}.Debug|Any CPU.Build.0 = Debug|Any CPU
		{820B63F6-190D-4B7F-B881-3E0618F75051}.Release|Any CPU.ActiveCfg = Release|Any CPU
		{820B63F6-190D-4B7F-B881-3E0618F75051}.Release|Any CPU.Build.0 = Release|Any CPU
		{58C8FA3E-7DFC-4D78-BF52-93AF92A9D40D}.Debug|Any CPU.ActiveCfg = Debug|Any CPU
		{58C8FA3E-7DFC-4D78-BF52-93AF92A9D40D}.Debug|Any CPU.Build.0 = Debug|Any CPU
		{58C8FA3E-7DFC-4D78-BF52-93AF92A9D40D}.Release|Any CPU.ActiveCfg = Release|Any CPU
		{58C8FA3E-7DFC-4D78-BF52-93AF92A9D40D}.Release|Any CPU.Build.0 = Release|Any CPU
		{9ABB40F7-B4A1-416A-9BA3-7340A35D0981}.Debug|Any CPU.ActiveCfg = Debug|Any CPU
		{9ABB40F7-B4A1-416A-9BA3-7340A35D0981}.Debug|Any CPU.Build.0 = Debug|Any CPU
		{9ABB40F7-B4A1-416A-9BA3-7340A35D0981}.Release|Any CPU.ActiveCfg = Release|Any CPU
		{9ABB40F7-B4A1-416A-9BA3-7340A35D0981}.Release|Any CPU.Build.0 = Release|Any CPU
		{6FF274DE-67B2-4DE5-9A3D-10CBDF902E67}.Debug|Any CPU.ActiveCfg = Debug|Any CPU
		{6FF274DE-67B2-4DE5-9A3D-10CBDF902E67}.Debug|Any CPU.Build.0 = Debug|Any CPU
		{6FF274DE-67B2-4DE5-9A3D-10CBDF902E67}.Release|Any CPU.ActiveCfg = Release|Any CPU
		{6FF274DE-67B2-4DE5-9A3D-10CBDF902E67}.Release|Any CPU.Build.0 = Release|Any CPU
	EndGlobalSection
	GlobalSection(SolutionProperties) = preSolution
		HideSolutionNode = FALSE
	EndGlobalSection
EndGlobal
